{
  "nodes": {
    "emacs-src": {
      "flake": false,
      "locked": {
        "lastModified": 1754158764,
        "narHash": "sha256-apnoXuEao8BRa/fqcNLPCHpuubvPOs9EOMiqR4sfIi0=",
        "owner": "emacs-mirror",
        "repo": "emacs",
        "rev": "c935b68bed174386f46dec6be525a23397a4b5f8",
        "type": "github"
      },
      "original": {
        "owner": "emacs-mirror",
        "repo": "emacs",
        "type": "github"
      }
    },
    "emacs-vterm-src": {
      "flake": false,
      "locked": {
        "lastModified": 1736786730,
        "narHash": "sha256-ZBAQOUr+IrDlXUKpG2HUzNjVfGdphXqrmiPn90bvAVY=",
        "owner": "akermu",
        "repo": "emacs-libvterm",
        "rev": "056ad74653704bc353d8ec8ab52ac75267b7d373",
        "type": "github"
      },
      "original": {
        "owner": "akermu",
        "repo": "emacs-libvterm",
        "type": "github"
      }
    },
    "nixpkgs": {
      "locked": {
        "lastModified": 1754151594,
        "narHash": "sha256-S30TWshtDmNlU30u842RidFUraKj1f2dd4nrKRHm3gE=",
        "owner": "nixos",
        "repo": "nixpkgs",
        "rev": "7b6929d8b900de3142638310f8bc40cff4f2c507",
        "type": "github"
      },
      "original": {
        "owner": "nixos",
        "ref": "nixpkgs-unstable",
        "repo": "nixpkgs",
        "type": "github"
      }
    },
    "root": {
      "inputs": {
        "emacs-src": "emacs-src",
        "emacs-vterm-src": "emacs-vterm-src",
        "nixpkgs": "nixpkgs"
      }
    }
  },
  "root": "root",
  "version": 7
}
