{
  "nodes": {
    "emacs-src": {
      "flake": false,
      "locked": {
        "lastModified": 1757870098,
        "narHash": "sha256-g/k5Qhb2DUalLuHbRxeahwgGtOayS1d2nCHGx1EWXGk=",
        "owner": "emacs-mirror",
        "repo": "emacs",
        "rev": "897d32285fc17b8afd889b1f733aed7149b50a5c",
        "type": "github"
      },
      "original": {
        "owner": "emacs-mirror",
        "repo": "emacs",
        "type": "github"
      }
    },
    "emacs-vterm-src": {
      "flake": false,
      "locked": {
        "lastModified": 1736786730,
        "narHash": "sha256-ZBAQOUr+IrDlXUKpG2HUzNjVfGdphXqrmiPn90bvAVY=",
        "owner": "akermu",
        "repo": "emacs-libvterm",
        "rev": "056ad74653704bc353d8ec8ab52ac75267b7d373",
        "type": "github"
      },
      "original": {
        "owner": "akermu",
        "repo": "emacs-libvterm",
        "type": "github"
      }
    },
    "nixpkgs": {
      "locked": {
        "lastModified": 1757746433,
        "narHash": "sha256-fEvTiU4s9lWgW7mYEU/1QUPirgkn+odUBTaindgiziY=",
        "owner": "nixos",
        "repo": "nixpkgs",
        "rev": "6d7ec06d6868ac6d94c371458fc2391ded9ff13d",
        "type": "github"
      },
      "original": {
        "owner": "nixos",
        "ref": "nixpkgs-unstable",
        "repo": "nixpkgs",
        "type": "github"
      }
    },
    "root": {
      "inputs": {
        "emacs-src": "emacs-src",
        "emacs-vterm-src": "emacs-vterm-src",
        "nixpkgs": "nixpkgs"
      }
    }
  },
  "root": "root",
  "version": 7
}
