{
  "nodes": {
    "emacs-src": {
      "flake": false,
      "locked": {
        "lastModified": 1743186383,
        "narHash": "sha256-xpxgOp/y3+cNitS/6PXoMGEzvrc3WGzney0TJRV/g6o=",
        "owner": "emacs-mirror",
        "repo": "emacs",
        "rev": "8a986e7075dc83c0b87f0928ba767215c3c6a377",
        "type": "github"
      },
      "original": {
        "owner": "emacs-mirror",
        "repo": "emacs",
        "type": "github"
      }
    },
    "emacs-vterm-src": {
      "flake": false,
      "locked": {
        "lastModified": 1736786730,
        "narHash": "sha256-ZBAQOUr+IrDlXUKpG2HUzNjVfGdphXqrmiPn90bvAVY=",
        "owner": "akermu",
        "repo": "emacs-libvterm",
        "rev": "056ad74653704bc353d8ec8ab52ac75267b7d373",
        "type": "github"
      },
      "original": {
        "owner": "akermu",
        "repo": "emacs-libvterm",
        "type": "github"
      }
    },
    "nixpkgs": {
      "locked": {
        "lastModified": 1743076231,
        "narHash": "sha256-yQugdVfi316qUfqzN8JMaA2vixl+45GxNm4oUfXlbgw=",
        "owner": "nixos",
        "repo": "nixpkgs",
        "rev": "6c5963357f3c1c840201eda129a99d455074db04",
        "type": "github"
      },
      "original": {
        "owner": "nixos",
        "ref": "nixpkgs-unstable",
        "repo": "nixpkgs",
        "type": "github"
      }
    },
    "root": {
      "inputs": {
        "emacs-src": "emacs-src",
        "emacs-vterm-src": "emacs-vterm-src",
        "nixpkgs": "nixpkgs"
      }
    }
  },
  "root": "root",
  "version": 7
}
